
Microsoft Visual Studio Solution File, Format Version 11.00
# Visual Studio 2010
Project("{FAE04EC0-301F-11D3-BF4B-00C04F79EFBC}") = "Practical-1", "Practical-1\Practical-1.csproj", "{66307CF8-E083-40A2-9C0F-03A3434148AF}"
EndProject
Global
	GlobalSection(SolutionConfigurationPlatforms) = preSolution
		Debug|x86 = Debug|x86
		Release|x86 = Release|x86
	EndGlobalSection
	GlobalSection(ProjectConfigurationPlatforms) = postSolution
		{66307CF8-E083-40A2-9C0F-03A3434148AF}.Debug|x86.ActiveCfg = Debug|x86
		{66307CF8-E083-40A2-9C0F-03A3434148AF}.Debug|x86.Build.0 = Debug|x86
		{66307CF8-E083-40A2-9C0F-03A3434148AF}.Release|x86.ActiveCfg = Release|x86
		{66307CF8-E083-40A2-9C0F-03A3434148AF}.Release|x86.Build.0 = Release|x86
	EndGlobalSection
	GlobalSection(SolutionProperties) = preSolution
		HideSolutionNode = FALSE
	EndGlobalSection
EndGlobal
